dependencies:
- name: kube-state-metrics
  repository: https://kubernetes-charts.storage.googleapis.com
  version: 0.7.1
- name: kube-state-metrics
  repository: https://kubernetes-charts.storage.googleapis.com
  version: 0.7.1
- name: alpine-pending
  repository: file://../alpine-pending
  version: 1.0.0
digest: sha256:d3d7bd79af635f960f213a44d985a0636642a330a1ac23ea85c983ff56d71c91
generated: 2018-06-21T11:22:43.681666375+02:00
