dependencies:
- name: kube-state-metrics
  repository: https://kubernetes-charts.storage.googleapis.com
  version: 0.7.1
- name: kube-state-metrics
  repository: https://kubernetes-charts.storage.googleapis.com
  version: 0.7.1
digest: sha256:23b81e9ef9f11f444580ed92cac4d50e36bec27bf64aeed3ae1bcf5632d272ae
generated: 2018-06-18T14:42:27.965129474+02:00
